// !$*UTF8*$!
{
	archiveVersion = 1;
	classes = {
	};
	objectVersion = 77;
	objects = {

/* Begin PBXBuildFile section */
		EF5EEF512E2F976D00F0B3DC /* TimerKit in Frameworks */ = {isa = PBXBuildFile; productRef = EF5EEF502E2F976D00F0B3DC /* TimerKit */; };
		EF931C7B2E2E458900EBF7CF /* ThemeKit in Frameworks */ = {isa = PBXBuildFile; productRef = EF931C7A2E2E458900EBF7CF /* ThemeKit */; };
/* End PBXBuildFile section */

/* Begin PBXContainerItemProxy section */
		EF931C5C2E2E32D900EBF7CF /* PBXContainerItemProxy */ = {
			isa = PBXContainerItemProxy;
			containerPortal = EF931C462E2E32D500EBF7CF /* Project object */;
			proxyType = 1;
			remoteGlobalIDString = EF931C4D2E2E32D600EBF7CF;
			remoteInfo = Srumdinger;
		};
		EF931C662E2E32D900EBF7CF /* PBXContainerItemProxy */ = {
			isa = PBXContainerItemProxy;
			containerPortal = EF931C462E2E32D500EBF7CF /* Project object */;
			proxyType = 1;
			remoteGlobalIDString = EF931C4D2E2E32D600EBF7CF;
			remoteInfo = Srumdinger;
		};
/* End PBXContainerItemProxy section */

/* Begin PBXFileReference section */
		EF931C4E2E2E32D600EBF7CF /* Srumdinger.app */ = {isa = PBXFileReference; explicitFileType = wrapper.application; includeInIndex = 0; path = Srumdinger.app; sourceTree = BUILT_PRODUCTS_DIR; };
		EF931C5B2E2E32D900EBF7CF /* SrumdingerTests.xctest */ = {isa = PBXFileReference; explicitFileType = wrapper.cfbundle; includeInIndex = 0; path = SrumdingerTests.xctest; sourceTree = BUILT_PRODUCTS_DIR; };
		EF931C652E2E32D900EBF7CF /* SrumdingerUITests.xctest */ = {isa = PBXFileReference; explicitFileType = wrapper.cfbundle; includeInIndex = 0; path = SrumdingerUITests.xctest; sourceTree = BUILT_PRODUCTS_DIR; };
/* End PBXFileReference section */

/* Begin PBXFileSystemSynchronizedRootGroup section */
		EF931C502E2E32D600EBF7CF /* Srumdinger */ = {
			isa = PBXFileSystemSynchronizedRootGroup;
			path = Srumdinger;
			sourceTree = "<group>";
		};
		EF931C5E2E2E32D900EBF7CF /* SrumdingerTests */ = {
			isa = PBXFileSystemSynchronizedRootGroup;
			path = SrumdingerTests;
			sourceTree = "<group>";
		};
		EF931C682E2E32D900EBF7CF /* SrumdingerUITests */ = {
			isa = PBXFileSystemSynchronizedRootGroup;
			path = SrumdingerUITests;
			sourceTree = "<group>";
		};
/* End PBXFileSystemSynchronizedRootGroup section */

/* Begin PBXFrameworksBuildPhase section */
		EF931C4B2E2E32D600EBF7CF /* Frameworks */ = {
			isa = PBXFrameworksBuildPhase;
			buildActionMask = 2147483647;
			files = (
				EF931C7B2E2E458900EBF7CF /* ThemeKit in Frameworks */,
				EF5EEF512E2F976D00F0B3DC /* TimerKit in Frameworks */,
			);
			runOnlyForDeploymentPostprocessing = 0;
		};
		EF931C582E2E32D900EBF7CF /* Frameworks */ = {
			isa = PBXFrameworksBuildPhase;
			buildActionMask = 2147483647;
			files = (
			);
			runOnlyForDeploymentPostprocessing = 0;
		};
		EF931C622E2E32D900EBF7CF /* Frameworks */ = {
			isa = PBXFrameworksBuildPhase;
			buildActionMask = 2147483647;
			files = (
			);
			runOnlyForDeploymentPostprocessing = 0;
		};
/* End PBXFrameworksBuildPhase section */

/* Begin PBXGroup section */
		EF931C452E2E32D500EBF7CF = {
			isa = PBXGroup;
			children = (
				EF931C502E2E32D600EBF7CF /* Srumdinger */,
				EF931C5E2E2E32D900EBF7CF /* SrumdingerTests */,
				EF931C682E2E32D900EBF7CF /* SrumdingerUITests */,
				EF931C792E2E458900EBF7CF /* Frameworks */,
				EF931C4F2E2E32D600EBF7CF /* Products */,
			);
			sourceTree = "<group>";
		};
		EF931C4F2E2E32D600EBF7CF /* Products */ = {
			isa = PBXGroup;
			children = (
				EF931C4E2E2E32D600EBF7CF /* Srumdinger.app */,
				EF931C5B2E2E32D900EBF7CF /* SrumdingerTests.xctest */,
				EF931C652E2E32D900EBF7CF /* SrumdingerUITests.xctest */,
			);
			name = Products;
			sourceTree = "<group>";
		};
		EF931C792E2E458900EBF7CF /* Frameworks */ = {
			isa = PBXGroup;
			children = (
			);
			name = Frameworks;
			sourceTree = "<group>";
		};
/* End PBXGroup section */

/* Begin PBXNativeTarget section */
		EF931C4D2E2E32D600EBF7CF /* Srumdinger */ = {
			isa = PBXNativeTarget;
			buildConfigurationList = EF931C6F2E2E32D900EBF7CF /* Build configuration list for PBXNativeTarget "Srumdinger" */;
			buildPhases = (
				EF931C4A2E2E32D600EBF7CF /* Sources */,
				EF931C4B2E2E32D600EBF7CF /* Frameworks */,
				EF931C4C2E2E32D600EBF7CF /* Resources */,
			);
			buildRules = (
			);
			dependencies = (
			);
			fileSystemSynchronizedGroups = (
				EF931C502E2E32D600EBF7CF /* Srumdinger */,
			);
			name = Srumdinger;
			packageProductDependencies = (
				EF931C7A2E2E458900EBF7CF /* ThemeKit */,
				EF5EEF502E2F976D00F0B3DC /* TimerKit */,
			);
			productName = Srumdinger;
			productReference = EF931C4E2E2E32D600EBF7CF /* Srumdinger.app */;
			productType = "com.apple.product-type.application";
		};
		EF931C5A2E2E32D900EBF7CF /* SrumdingerTests */ = {
			isa = PBXNativeTarget;
			buildConfigurationList = EF931C722E2E32D900EBF7CF /* Build configuration list for PBXNativeTarget "SrumdingerTests" */;
			buildPhases = (
				EF931C572E2E32D900EBF7CF /* Sources */,
				EF931C582E2E32D900EBF7CF /* Frameworks */,
				EF931C592E2E32D900EBF7CF /* Resources */,
			);
			buildRules = (
			);
			dependencies = (
				EF931C5D2E2E32D900EBF7CF /* PBXTargetDependency */,
			);
			fileSystemSynchronizedGroups = (
				EF931C5E2E2E32D900EBF7CF /* SrumdingerTests */,
			);
			name = SrumdingerTests;
			packageProductDependencies = (
			);
			productName = SrumdingerTests;
			productReference = EF931C5B2E2E32D900EBF7CF /* SrumdingerTests.xctest */;
			productType = "com.apple.product-type.bundle.unit-test";
		};
		EF931C642E2E32D900EBF7CF /* SrumdingerUITests */ = {
			isa = PBXNativeTarget;
			buildConfigurationList = EF931C752E2E32D900EBF7CF /* Build configuration list for PBXNativeTarget "SrumdingerUITests" */;
			buildPhases = (
				EF931C612E2E32D900EBF7CF /* Sources */,
				EF931C622E2E32D900EBF7CF /* Frameworks */,
				EF931C632E2E32D900EBF7CF /* Resources */,
			);
			buildRules = (
			);
			dependencies = (
				EF931C672E2E32D900EBF7CF /* PBXTargetDependency */,
			);
			fileSystemSynchronizedGroups = (
				EF931C682E2E32D900EBF7CF /* SrumdingerUITests */,
			);
			name = SrumdingerUITests;
			packageProductDependencies = (
			);
			productName = SrumdingerUITests;
			productReference = EF931C652E2E32D900EBF7CF /* SrumdingerUITests.xctest */;
			productType = "com.apple.product-type.bundle.ui-testing";
		};
/* End PBXNativeTarget section */

/* Begin PBXProject section */
		EF931C462E2E32D500EBF7CF /* Project object */ = {
			isa = PBXProject;
			attributes = {
				BuildIndependentTargetsInParallel = 1;
				LastSwiftUpdateCheck = 1640;
				LastUpgradeCheck = 1640;
				TargetAttributes = {
					EF931C4D2E2E32D600EBF7CF = {
						CreatedOnToolsVersion = 16.4;
					};
					EF931C5A2E2E32D900EBF7CF = {
						CreatedOnToolsVersion = 16.4;
						TestTargetID = EF931C4D2E2E32D600EBF7CF;
					};
					EF931C642E2E32D900EBF7CF = {
						CreatedOnToolsVersion = 16.4;
						TestTargetID = EF931C4D2E2E32D600EBF7CF;
					};
				};
			};
			buildConfigurationList = EF931C492E2E32D500EBF7CF /* Build configuration list for PBXProject "Srumdinger" */;
			developmentRegion = en;
			hasScannedForEncodings = 0;
			knownRegions = (
				en,
				Base,
			);
			mainGroup = EF931C452E2E32D500EBF7CF;
			minimizedProjectReferenceProxies = 1;
			packageReferences = (
				EF931C782E2E456B00EBF7CF /* XCLocalSwiftPackageReference "ThemeKit" */,
				EF5EEF4F2E2F975A00F0B3DC /* XCLocalSwiftPackageReference "TimerKit" */,
			);
			preferredProjectObjectVersion = 77;
			productRefGroup = EF931C4F2E2E32D600EBF7CF /* Products */;
			projectDirPath = "";
			projectRoot = "";
			targets = (
				EF931C4D2E2E32D600EBF7CF /* Srumdinger */,
				EF931C5A2E2E32D900EBF7CF /* SrumdingerTests */,
				EF931C642E2E32D900EBF7CF /* SrumdingerUITests */,
			);
		};
/* End PBXProject section */

/* Begin PBXResourcesBuildPhase section */
		EF931C4C2E2E32D600EBF7CF /* Resources */ = {
			isa = PBXResourcesBuildPhase;
			buildActionMask = 2147483647;
			files = (
			);
			runOnlyForDeploymentPostprocessing = 0;
		};
		EF931C592E2E32D900EBF7CF /* Resources */ = {
			isa = PBXResourcesBuildPhase;
			buildActionMask = 2147483647;
			files = (
			);
			runOnlyForDeploymentPostprocessing = 0;
		};
		EF931C632E2E32D900EBF7CF /* Resources */ = {
			isa = PBXResourcesBuildPhase;
			buildActionMask = 2147483647;
			files = (
			);
			runOnlyForDeploymentPostprocessing = 0;
		};
/* End PBXResourcesBuildPhase section */

/* Begin PBXSourcesBuildPhase section */
		EF931C4A2E2E32D600EBF7CF /* Sources */ = {
			isa = PBXSourcesBuildPhase;
			buildActionMask = 2147483647;
			files = (
			);
			runOnlyForDeploymentPostprocessing = 0;
		};
		EF931C572E2E32D900EBF7CF /* Sources */ = {
			isa = PBXSourcesBuildPhase;
			buildActionMask = 2147483647;
			files = (
			);
			runOnlyForDeploymentPostprocessing = 0;
		};
		EF931C612E2E32D900EBF7CF /* Sources */ = {
			isa = PBXSourcesBuildPhase;
			buildActionMask = 2147483647;
			files = (
			);
			runOnlyForDeploymentPostprocessing = 0;
		};
/* End PBXSourcesBuildPhase section */

/* Begin PBXTargetDependency section */
		EF931C5D2E2E32D900EBF7CF /* PBXTargetDependency */ = {
			isa = PBXTargetDependency;
			target = EF931C4D2E2E32D600EBF7CF /* Srumdinger */;
			targetProxy = EF931C5C2E2E32D900EBF7CF /* PBXContainerItemProxy */;
		};
		EF931C672E2E32D900EBF7CF /* PBXTargetDependency */ = {
			isa = PBXTargetDependency;
			target = EF931C4D2E2E32D600EBF7CF /* Srumdinger */;
			targetProxy = EF931C662E2E32D900EBF7CF /* PBXContainerItemProxy */;
		};
/* End PBXTargetDependency section */

/* Begin XCBuildConfiguration section */
		EF931C6D2E2E32D900EBF7CF /* Debug */ = {
			isa = XCBuildConfiguration;
			buildSettings = {
				ALWAYS_SEARCH_USER_PATHS = NO;
				ASSETCATALOG_COMPILER_GENERATE_SWIFT_ASSET_SYMBOL_EXTENSIONS = YES;
				CLANG_ANALYZER_NONNULL = YES;
				CLANG_ANALYZER_NUMBER_OBJECT_CONVERSION = YES_AGGRESSIVE;
				CLANG_CXX_LANGUAGE_STANDARD = "gnu++20";
				CLANG_ENABLE_MODULES = YES;
				CLANG_ENABLE_OBJC_ARC = YES;
				CLANG_ENABLE_OBJC_WEAK = YES;
				CLANG_WARN_BLOCK_CAPTURE_AUTORELEASING = YES;
				CLANG_WARN_BOOL_CONVERSION = YES;
				CLANG_WARN_COMMA = YES;
				CLANG_WARN_CONSTANT_CONVERSION = YES;
				CLANG_WARN_DEPRECATED_OBJC_IMPLEMENTATIONS = YES;
				CLANG_WARN_DIRECT_OBJC_ISA_USAGE = YES_ERROR;
				CLANG_WARN_DOCUMENTATION_COMMENTS = YES;
				CLANG_WARN_EMPTY_BODY = YES;
				CLANG_WARN_ENUM_CONVERSION = YES;
				CLANG_WARN_INFINITE_RECURSION = YES;
				CLANG_WARN_INT_CONVERSION = YES;
				CLANG_WARN_NON_LITERAL_NULL_CONVERSION = YES;
				CLANG_WARN_OBJC_IMPLICIT_RETAIN_SELF = YES;
				CLANG_WARN_OBJC_LITERAL_CONVERSION = YES;
				CLANG_WARN_OBJC_ROOT_CLASS = YES_ERROR;
				CLANG_WARN_QUOTED_INCLUDE_IN_FRAMEWORK_HEADER = YES;
				CLANG_WARN_RANGE_LOOP_ANALYSIS = YES;
				CLANG_WARN_STRICT_PROTOTYPES = YES;
				CLANG_WARN_SUSPICIOUS_MOVE = YES;
				CLANG_WARN_UNGUARDED_AVAILABILITY = YES_AGGRESSIVE;
				CLANG_WARN_UNREACHABLE_CODE = YES;
				CLANG_WARN__DUPLICATE_METHOD_MATCH = YES;
				COPY_PHASE_STRIP = NO;
				DEBUG_INFORMATION_FORMAT = dwarf;
				DEVELOPMENT_TEAM = 8A2SSQZ8R4;
				ENABLE_STRICT_OBJC_MSGSEND = YES;
				ENABLE_TESTABILITY = YES;
				ENABLE_USER_SCRIPT_SANDBOXING = YES;
				GCC_C_LANGUAGE_STANDARD = gnu17;
				GCC_DYNAMIC_NO_PIC = NO;
				GCC_NO_COMMON_BLOCKS = YES;
				GCC_OPTIMIZATION_LEVEL = 0;
				GCC_PREPROCESSOR_DEFINITIONS = (
					"DEBUG=1",
					"$(inherited)",
				);
				GCC_WARN_64_TO_32_BIT_CONVERSION = YES;
				GCC_WARN_ABOUT_RETURN_TYPE = YES_ERROR;
				GCC_WARN_UNDECLARED_SELECTOR = YES;
				GCC_WARN_UNINITIALIZED_AUTOS = YES_AGGRESSIVE;
				GCC_WARN_UNUSED_FUNCTION = YES;
				GCC_WARN_UNUSED_VARIABLE = YES;
				IPHONEOS_DEPLOYMENT_TARGET = 18.5;
				LOCALIZATION_PREFERS_STRING_CATALOGS = YES;
				MTL_ENABLE_DEBUG_INFO = INCLUDE_SOURCE;
				MTL_FAST_MATH = YES;
				ONLY_ACTIVE_ARCH = YES;
				SDKROOT = iphoneos;
				SWIFT_ACTIVE_COMPILATION_CONDITIONS = "DEBUG $(inherited)";
				SWIFT_OPTIMIZATION_LEVEL = "-Onone";
			};
			name = Debug;
		};
		EF931C6E2E2E32D900EBF7CF /* Release */ = {
			isa = XCBuildConfiguration;
			buildSettings = {
				ALWAYS_SEARCH_USER_PATHS = NO;
				ASSETCATALOG_COMPILER_GENERATE_SWIFT_ASSET_SYMBOL_EXTENSIONS = YES;
				CLANG_ANALYZER_NONNULL = YES;
				CLANG_ANALYZER_NUMBER_OBJECT_CONVERSION = YES_AGGRESSIVE;
				CLANG_CXX_LANGUAGE_STANDARD = "gnu++20";
				CLANG_ENABLE_MODULES = YES;
				CLANG_ENABLE_OBJC_ARC = YES;
				CLANG_ENABLE_OBJC_WEAK = YES;
				CLANG_WARN_BLOCK_CAPTURE_AUTORELEASING = YES;
				CLANG_WARN_BOOL_CONVERSION = YES;
				CLANG_WARN_COMMA = YES;
				CLANG_WARN_CONSTANT_CONVERSION = YES;
				CLANG_WARN_DEPRECATED_OBJC_IMPLEMENTATIONS = YES;
				CLANG_WARN_DIRECT_OBJC_ISA_USAGE = YES_ERROR;
				CLANG_WARN_DOCUMENTATION_COMMENTS = YES;
				CLANG_WARN_EMPTY_BODY = YES;
				CLANG_WARN_ENUM_CONVERSION = YES;
				CLANG_WARN_INFINITE_RECURSION = YES;
				CLANG_WARN_INT_CONVERSION = YES;
				CLANG_WARN_NON_LITERAL_NULL_CONVERSION = YES;
				CLANG_WARN_OBJC_IMPLICIT_RETAIN_SELF = YES;
				CLANG_WARN_OBJC_LITERAL_CONVERSION = YES;
				CLANG_WARN_OBJC_ROOT_CLASS = YES_ERROR;
				CLANG_WARN_QUOTED_INCLUDE_IN_FRAMEWORK_HEADER = YES;
				CLANG_WARN_RANGE_LOOP_ANALYSIS = YES;
				CLANG_WARN_STRICT_PROTOTYPES = YES;
				CLANG_WARN_SUSPICIOUS_MOVE = YES;
				CLANG_WARN_UNGUARDED_AVAILABILITY = YES_AGGRESSIVE;
				CLANG_WARN_UNREACHABLE_CODE = YES;
				CLANG_WARN__DUPLICATE_METHOD_MATCH = YES;
				COPY_PHASE_STRIP = NO;
				DEBUG_INFORMATION_FORMAT = "dwarf-with-dsym";
				DEVELOPMENT_TEAM = 8A2SSQZ8R4;
				ENABLE_NS_ASSERTIONS = NO;
				ENABLE_STRICT_OBJC_MSGSEND = YES;
				ENABLE_USER_SCRIPT_SANDBOXING = YES;
				GCC_C_LANGUAGE_STANDARD = gnu17;
				GCC_NO_COMMON_BLOCKS = YES;
				GCC_WARN_64_TO_32_BIT_CONVERSION = YES;
				GCC_WARN_ABOUT_RETURN_TYPE = YES_ERROR;
				GCC_WARN_UNDECLARED_SELECTOR = YES;
				GCC_WARN_UNINITIALIZED_AUTOS = YES_AGGRESSIVE;
				GCC_WARN_UNUSED_FUNCTION = YES;
				GCC_WARN_UNUSED_VARIABLE = YES;
				IPHONEOS_DEPLOYMENT_TARGET = 18.5;
				LOCALIZATION_PREFERS_STRING_CATALOGS = YES;
				MTL_ENABLE_DEBUG_INFO = NO;
				MTL_FAST_MATH = YES;
				SDKROOT = iphoneos;
				SWIFT_COMPILATION_MODE = wholemodule;
				VALIDATE_PRODUCT = YES;
			};
			name = Release;
		};
		EF931C702E2E32D900EBF7CF /* Debug */ = {
			isa = XCBuildConfiguration;
			buildSettings = {
				ASSETCATALOG_COMPILER_APPICON_NAME = AppIcon;
				ASSETCATALOG_COMPILER_GLOBAL_ACCENT_COLOR_NAME = AccentColor;
				CODE_SIGN_STYLE = Automatic;
				CURRENT_PROJECT_VERSION = 1;
				DEVELOPMENT_TEAM = 8A2SSQZ8R4;
				ENABLE_PREVIEWS = YES;
				GENERATE_INFOPLIST_FILE = YES;
				INFOPLIST_KEY_UIApplicationSceneManifest_Generation = YES;
				INFOPLIST_KEY_UIApplicationSupportsIndirectInputEvents = YES;
				INFOPLIST_KEY_UILaunchScreen_Generation = YES;
				INFOPLIST_KEY_UISupportedInterfaceOrientations_iPad = "UIInterfaceOrientationPortrait UIInterfaceOrientationPortraitUpsideDown UIInterfaceOrientationLandscapeLeft UIInterfaceOrientationLandscapeRight";
				INFOPLIST_KEY_UISupportedInterfaceOrientations_iPhone = "UIInterfaceOrientationPortrait UIInterfaceOrientationLandscapeLeft UIInterfaceOrientationLandscapeRight";
				LD_RUNPATH_SEARCH_PATHS = (
					"$(inherited)",
					"@executable_path/Frameworks",
				);
				MARKETING_VERSION = 1.0;
				PRODUCT_BUNDLE_IDENTIFIER = com.yusera.Srumdinger;
				PRODUCT_NAME = "$(TARGET_NAME)";
				SWIFT_EMIT_LOC_STRINGS = YES;
				SWIFT_VERSION = 5.0;
				TARGETED_DEVICE_FAMILY = "1,2";
			};
			name = Debug;
		};
		EF931C712E2E32D900EBF7CF /* Release */ = {
			isa = XCBuildConfiguration;
			buildSettings = {
				ASSETCATALOG_COMPILER_APPICON_NAME = AppIcon;
				ASSETCATALOG_COMPILER_GLOBAL_ACCENT_COLOR_NAME = AccentColor;
				CODE_SIGN_STYLE = Automatic;
				CURRENT_PROJECT_VERSION = 1;
				DEVELOPMENT_TEAM = 8A2SSQZ8R4;
				ENABLE_PREVIEWS = YES;
				GENERATE_INFOPLIST_FILE = YES;
				INFOPLIST_KEY_UIApplicationSceneManifest_Generation = YES;
				INFOPLIST_KEY_UIApplicationSupportsIndirectInputEvents = YES;
				INFOPLIST_KEY_UILaunchScreen_Generation = YES;
				INFOPLIST_KEY_UISupportedInterfaceOrientations_iPad = "UIInterfaceOrientationPortrait UIInterfaceOrientationPortraitUpsideDown UIInterfaceOrientationLandscapeLeft UIInterfaceOrientationLandscapeRight";
				INFOPLIST_KEY_UISupportedInterfaceOrientations_iPhone = "UIInterfaceOrientationPortrait UIInterfaceOrientationLandscapeLeft UIInterfaceOrientationLandscapeRight";
				LD_RUNPATH_SEARCH_PATHS = (
					"$(inherited)",
					"@executable_path/Frameworks",
				);
				MARKETING_VERSION = 1.0;
				PRODUCT_BUNDLE_IDENTIFIER = com.yusera.Srumdinger;
				PRODUCT_NAME = "$(TARGET_NAME)";
				SWIFT_EMIT_LOC_STRINGS = YES;
				SWIFT_VERSION = 5.0;
				TARGETED_DEVICE_FAMILY = "1,2";
			};
			name = Release;
		};
		EF931C732E2E32D900EBF7CF /* Debug */ = {
			isa = XCBuildConfiguration;
			buildSettings = {
				BUNDLE_LOADER = "$(TEST_HOST)";
				CODE_SIGN_STYLE = Automatic;
				CURRENT_PROJECT_VERSION = 1;
				DEVELOPMENT_TEAM = 8A2SSQZ8R4;
				GENERATE_INFOPLIST_FILE = YES;
				IPHONEOS_DEPLOYMENT_TARGET = 18.5;
				MARKETING_VERSION = 1.0;
				PRODUCT_BUNDLE_IDENTIFIER = com.yusera.SrumdingerTests;
				PRODUCT_NAME = "$(TARGET_NAME)";
				SWIFT_EMIT_LOC_STRINGS = NO;
				SWIFT_VERSION = 5.0;
				TARGETED_DEVICE_FAMILY = "1,2";
				TEST_HOST = "$(BUILT_PRODUCTS_DIR)/Srumdinger.app/$(BUNDLE_EXECUTABLE_FOLDER_PATH)/Srumdinger";
			};
			name = Debug;
		};
		EF931C742E2E32D900EBF7CF /* Release */ = {
			isa = XCBuildConfiguration;
			buildSettings = {
				BUNDLE_LOADER = "$(TEST_HOST)";
				CODE_SIGN_STYLE = Automatic;
				CURRENT_PROJECT_VERSION = 1;
				DEVELOPMENT_TEAM = 8A2SSQZ8R4;
				GENERATE_INFOPLIST_FILE = YES;
				IPHONEOS_DEPLOYMENT_TARGET = 18.5;
				MARKETING_VERSION = 1.0;
				PRODUCT_BUNDLE_IDENTIFIER = com.yusera.SrumdingerTests;
				PRODUCT_NAME = "$(TARGET_NAME)";
				SWIFT_EMIT_LOC_STRINGS = NO;
				SWIFT_VERSION = 5.0;
				TARGETED_DEVICE_FAMILY = "1,2";
				TEST_HOST = "$(BUILT_PRODUCTS_DIR)/Srumdinger.app/$(BUNDLE_EXECUTABLE_FOLDER_PATH)/Srumdinger";
			};
			name = Release;
		};
		EF931C762E2E32D900EBF7CF /* Debug */ = {
			isa = XCBuildConfiguration;
			buildSettings = {
				CODE_SIGN_STYLE = Automatic;
				CURRENT_PROJECT_VERSION = 1;
				DEVELOPMENT_TEAM = 8A2SSQZ8R4;
				GENERATE_INFOPLIST_FILE = YES;
				MARKETING_VERSION = 1.0;
				PRODUCT_BUNDLE_IDENTIFIER = com.yusera.SrumdingerUITests;
				PRODUCT_NAME = "$(TARGET_NAME)";
				SWIFT_EMIT_LOC_STRINGS = NO;
				SWIFT_VERSION = 5.0;
				TARGETED_DEVICE_FAMILY = "1,2";
				TEST_TARGET_NAME = Srumdinger;
			};
			name = Debug;
		};
		EF931C772E2E32D900EBF7CF /* Release */ = {
			isa = XCBuildConfiguration;
			buildSettings = {
				CODE_SIGN_STYLE = Automatic;
				CURRENT_PROJECT_VERSION = 1;
				DEVELOPMENT_TEAM = 8A2SSQZ8R4;
				GENERATE_INFOPLIST_FILE = YES;
				MARKETING_VERSION = 1.0;
				PRODUCT_BUNDLE_IDENTIFIER = com.yusera.SrumdingerUITests;
				PRODUCT_NAME = "$(TARGET_NAME)";
				SWIFT_EMIT_LOC_STRINGS = NO;
				SWIFT_VERSION = 5.0;
				TARGETED_DEVICE_FAMILY = "1,2";
				TEST_TARGET_NAME = Srumdinger;
			};
			name = Release;
		};
/* End XCBuildConfiguration section */

/* Begin XCConfigurationList section */
		EF931C492E2E32D500EBF7CF /* Build configuration list for PBXProject "Srumdinger" */ = {
			isa = XCConfigurationList;
			buildConfigurations = (
				EF931C6D2E2E32D900EBF7CF /* Debug */,
				EF931C6E2E2E32D900EBF7CF /* Release */,
			);
			defaultConfigurationIsVisible = 0;
			defaultConfigurationName = Release;
		};
		EF931C6F2E2E32D900EBF7CF /* Build configuration list for PBXNativeTarget "Srumdinger" */ = {
			isa = XCConfigurationList;
			buildConfigurations = (
				EF931C702E2E32D900EBF7CF /* Debug */,
				EF931C712E2E32D900EBF7CF /* Release */,
			);
			defaultConfigurationIsVisible = 0;
			defaultConfigurationName = Release;
		};
		EF931C722E2E32D900EBF7CF /* Build configuration list for PBXNativeTarget "SrumdingerTests" */ = {
			isa = XCConfigurationList;
			buildConfigurations = (
				EF931C732E2E32D900EBF7CF /* Debug */,
				EF931C742E2E32D900EBF7CF /* Release */,
			);
			defaultConfigurationIsVisible = 0;
			defaultConfigurationName = Release;
		};
		EF931C752E2E32D900EBF7CF /* Build configuration list for PBXNativeTarget "SrumdingerUITests" */ = {
			isa = XCConfigurationList;
			buildConfigurations = (
				EF931C762E2E32D900EBF7CF /* Debug */,
				EF931C772E2E32D900EBF7CF /* Release */,
			);
			defaultConfigurationIsVisible = 0;
			defaultConfigurationName = Release;
		};
/* End XCConfigurationList section */

/* Begin XCLocalSwiftPackageReference section */
		EF5EEF4F2E2F975A00F0B3DC /* XCLocalSwiftPackageReference "TimerKit" */ = {
			isa = XCLocalSwiftPackageReference;
			relativePath = TimerKit;
		};
		EF931C782E2E456B00EBF7CF /* XCLocalSwiftPackageReference "ThemeKit" */ = {
			isa = XCLocalSwiftPackageReference;
			relativePath = ThemeKit;
		};
/* End XCLocalSwiftPackageReference section */

/* Begin XCSwiftPackageProductDependency section */
		EF5EEF502E2F976D00F0B3DC /* TimerKit */ = {
			isa = XCSwiftPackageProductDependency;
			package = EF5EEF4F2E2F975A00F0B3DC /* XCLocalSwiftPackageReference "TimerKit" */;
			productName = TimerKit;
		};
		EF931C7A2E2E458900EBF7CF /* ThemeKit */ = {
			isa = XCSwiftPackageProductDependency;
			package = EF931C782E2E456B00EBF7CF /* XCLocalSwiftPackageReference "ThemeKit" */;
			productName = ThemeKit;
		};
/* End XCSwiftPackageProductDependency section */
	};
	rootObject = EF931C462E2E32D500EBF7CF /* Project object */;
}
